
Microsoft Visual Studio Solution File, Format Version 12.00
# Visual Studio Version 17
VisualStudioVersion = 17.7.34031.279
MinimumVisualStudioVersion = 10.0.40219.1
Project("{9A19103F-16F7-4668-BE54-9A1E7A4F7556}") = "Lab1", "Lab1.csproj", "{292FC888-F23B-45DC-BE62-22EC9C1453ED}"
EndProject
Global
	GlobalSection(SolutionConfigurationPlatforms) = preSolution
		Debug|Any CPU = Debug|Any CPU
		Release|Any CPU = Release|Any CPU
	EndGlobalSection
	GlobalSection(ProjectConfigurationPlatforms) = postSolution
		{292FC888-F23B-45DC-BE62-22EC9C1453ED}.Debug|Any CPU.ActiveCfg = Debug|Any CPU
		{292FC888-F23B-45DC-BE62-22EC9C1453ED}.Debug|Any CPU.Build.0 = Debug|Any CPU
		{292FC888-F23B-45DC-BE62-22EC9C1453ED}.Release|Any CPU.ActiveCfg = Release|Any CPU
		{292FC888-F23B-45DC-BE62-22EC9C1453ED}.Release|Any CPU.Build.0 = Release|Any CPU
	EndGlobalSection
	GlobalSection(SolutionProperties) = preSolution
		HideSolutionNode = FALSE
	EndGlobalSection
	GlobalSection(ExtensibilityGlobals) = postSolution
		SolutionGuid = {F2DD7C2C-140E-4376-B7B6-C36CD775C4E8}
	EndGlobalSection
EndGlobal
